// !$*UTF8*$!
{
	archiveVersion = 1;
	classes = {
	};
	objectVersion = 55;
	objects = {

/* Begin PBXBuildFile section */
		DFC9CD4627CF3FEF0062A853 /* AppDelegate.swift in Sources */ = {isa = PBXBuildFile; fileRef = DFC9CD4527CF3FEF0062A853 /* AppDelegate.swift */; };
		DFC9CD4827CF3FEF0062A853 /* SceneDelegate.swift in Sources */ = {isa = PBXBuildFile; fileRef = DFC9CD4727CF3FEF0062A853 /* SceneDelegate.swift */; };
		DFC9CD4A27CF3FEF0062A853 /* MainVC.swift in Sources */ = {isa = PBXBuildFile; fileRef = DFC9CD4927CF3FEF0062A853 /* MainVC.swift */; };
		DFC9CD4D27CF3FEF0062A853 /* Main.storyboard in Resources */ = {isa = PBXBuildFile; fileRef = DFC9CD4B27CF3FEF0062A853 /* Main.storyboard */; };
		DFC9CD4F27CF3FF00062A853 /* Assets.xcassets in Resources */ = {isa = PBXBuildFile; fileRef = DFC9CD4E27CF3FF00062A853 /* Assets.xcassets */; };
		DFC9CD5227CF3FF00062A853 /* LaunchScreen.storyboard in Resources */ = {isa = PBXBuildFile; fileRef = DFC9CD5027CF3FF00062A853 /* LaunchScreen.storyboard */; };
		DFC9CD5D27CF3FF00062A853 /* Window_ShopperTests.swift in Sources */ = {isa = PBXBuildFile; fileRef = DFC9CD5C27CF3FF00062A853 /* Window_ShopperTests.swift */; };
		DFC9CD6727CF3FF00062A853 /* Window_ShopperUITests.swift in Sources */ = {isa = PBXBuildFile; fileRef = DFC9CD6627CF3FF00062A853 /* Window_ShopperUITests.swift */; };
		DFC9CD6927CF3FF00062A853 /* Window_ShopperUITestsLaunchTests.swift in Sources */ = {isa = PBXBuildFile; fileRef = DFC9CD6827CF3FF00062A853 /* Window_ShopperUITestsLaunchTests.swift */; };
		DFC9CD7A27CF44CF0062A853 /* CurrencyTextField.swift in Sources */ = {isa = PBXBuildFile; fileRef = DFC9CD7927CF44CF0062A853 /* CurrencyTextField.swift */; };
		DFC9CD7D27CF53610062A853 /* Wage.swift in Sources */ = {isa = PBXBuildFile; fileRef = DFC9CD7C27CF53610062A853 /* Wage.swift */; };
		DFC9CD7E27CF544C0062A853 /* Wage.swift in Sources */ = {isa = PBXBuildFile; fileRef = DFC9CD7C27CF53610062A853 /* Wage.swift */; };
/* End PBXBuildFile section */

/* Begin PBXContainerItemProxy section */
		DFC9CD5927CF3FF00062A853 /* PBXContainerItemProxy */ = {
			isa = PBXContainerItemProxy;
			containerPortal = DFC9CD3A27CF3FEF0062A853 /* Project object */;
			proxyType = 1;
			remoteGlobalIDString = DFC9CD4127CF3FEF0062A853;
			remoteInfo = "Window-Shopper";
		};
		DFC9CD6327CF3FF00062A853 /* PBXContainerItemProxy */ = {
			isa = PBXContainerItemProxy;
			containerPortal = DFC9CD3A27CF3FEF0062A853 /* Project object */;
			proxyType = 1;
			remoteGlobalIDString = DFC9CD4127CF3FEF0062A853;
			remoteInfo = "Window-Shopper";
		};
/* End PBXContainerItemProxy section */

/* Begin PBXFileReference section */
		DFC9CD4227CF3FEF0062A853 /* Window-Shopper.app */ = {isa = PBXFileReference; explicitFileType = wrapper.application; includeInIndex = 0; path = "Window-Shopper.app"; sourceTree = BUILT_PRODUCTS_DIR; };
		DFC9CD4527CF3FEF0062A853 /* AppDelegate.swift */ = {isa = PBXFileReference; lastKnownFileType = sourcecode.swift; path = AppDelegate.swift; sourceTree = "<group>"; };
		DFC9CD4727CF3FEF0062A853 /* SceneDelegate.swift */ = {isa = PBXFileReference; lastKnownFileType = sourcecode.swift; path = SceneDelegate.swift; sourceTree = "<group>"; };
		DFC9CD4927CF3FEF0062A853 /* MainVC.swift */ = {isa = PBXFileReference; lastKnownFileType = sourcecode.swift; path = MainVC.swift; sourceTree = "<group>"; };
		DFC9CD4C27CF3FEF0062A853 /* Base */ = {isa = PBXFileReference; lastKnownFileType = file.storyboard; name = Base; path = Base.lproj/Main.storyboard; sourceTree = "<group>"; };
		DFC9CD4E27CF3FF00062A853 /* Assets.xcassets */ = {isa = PBXFileReference; lastKnownFileType = folder.assetcatalog; path = Assets.xcassets; sourceTree = "<group>"; };
		DFC9CD5127CF3FF00062A853 /* Base */ = {isa = PBXFileReference; lastKnownFileType = file.storyboard; name = Base; path = Base.lproj/LaunchScreen.storyboard; sourceTree = "<group>"; };
		DFC9CD5327CF3FF00062A853 /* Info.plist */ = {isa = PBXFileReference; lastKnownFileType = text.plist.xml; path = Info.plist; sourceTree = "<group>"; };
		DFC9CD5827CF3FF00062A853 /* Window-ShopperTests.xctest */ = {isa = PBXFileReference; explicitFileType = wrapper.cfbundle; includeInIndex = 0; path = "Window-ShopperTests.xctest"; sourceTree = BUILT_PRODUCTS_DIR; };
		DFC9CD5C27CF3FF00062A853 /* Window_ShopperTests.swift */ = {isa = PBXFileReference; lastKnownFileType = sourcecode.swift; path = Window_ShopperTests.swift; sourceTree = "<group>"; };
		DFC9CD6227CF3FF00062A853 /* Window-ShopperUITests.xctest */ = {isa = PBXFileReference; explicitFileType = wrapper.cfbundle; includeInIndex = 0; path = "Window-ShopperUITests.xctest"; sourceTree = BUILT_PRODUCTS_DIR; };
		DFC9CD6627CF3FF00062A853 /* Window_ShopperUITests.swift */ = {isa = PBXFileReference; lastKnownFileType = sourcecode.swift; path = Window_ShopperUITests.swift; sourceTree = "<group>"; };
		DFC9CD6827CF3FF00062A853 /* Window_ShopperUITestsLaunchTests.swift */ = {isa = PBXFileReference; lastKnownFileType = sourcecode.swift; path = Window_ShopperUITestsLaunchTests.swift; sourceTree = "<group>"; };
		DFC9CD7927CF44CF0062A853 /* CurrencyTextField.swift */ = {isa = PBXFileReference; lastKnownFileType = sourcecode.swift; path = CurrencyTextField.swift; sourceTree = "<group>"; };
		DFC9CD7C27CF53610062A853 /* Wage.swift */ = {isa = PBXFileReference; lastKnownFileType = sourcecode.swift; path = Wage.swift; sourceTree = "<group>"; };
/* End PBXFileReference section */

/* Begin PBXFrameworksBuildPhase section */
		DFC9CD3F27CF3FEF0062A853 /* Frameworks */ = {
			isa = PBXFrameworksBuildPhase;
			buildActionMask = 2147483647;
			files = (
			);
			runOnlyForDeploymentPostprocessing = 0;
		};
		DFC9CD5527CF3FF00062A853 /* Frameworks */ = {
			isa = PBXFrameworksBuildPhase;
			buildActionMask = 2147483647;
			files = (
			);
			runOnlyForDeploymentPostprocessing = 0;
		};
		DFC9CD5F27CF3FF00062A853 /* Frameworks */ = {
			isa = PBXFrameworksBuildPhase;
			buildActionMask = 2147483647;
			files = (
			);
			runOnlyForDeploymentPostprocessing = 0;
		};
/* End PBXFrameworksBuildPhase section */

/* Begin PBXGroup section */
		DFC9CD3927CF3FEF0062A853 = {
			isa = PBXGroup;
			children = (
				DFC9CD4427CF3FEF0062A853 /* Window-Shopper */,
				DFC9CD5B27CF3FF00062A853 /* Window-ShopperTests */,
				DFC9CD6527CF3FF00062A853 /* Window-ShopperUITests */,
				DFC9CD4327CF3FEF0062A853 /* Products */,
			);
			sourceTree = "<group>";
		};
		DFC9CD4327CF3FEF0062A853 /* Products */ = {
			isa = PBXGroup;
			children = (
				DFC9CD4227CF3FEF0062A853 /* Window-Shopper.app */,
				DFC9CD5827CF3FF00062A853 /* Window-ShopperTests.xctest */,
				DFC9CD6227CF3FF00062A853 /* Window-ShopperUITests.xctest */,
			);
			name = Products;
			sourceTree = "<group>";
		};
		DFC9CD4427CF3FEF0062A853 /* Window-Shopper */ = {
			isa = PBXGroup;
			children = (
				DFC9CD7B27CF534F0062A853 /* Model */,
				DFC9CD7627CF41E50062A853 /* Views */,
				DFC9CD7527CF41DC0062A853 /* Controllers */,
				DFC9CD4527CF3FEF0062A853 /* AppDelegate.swift */,
				DFC9CD4727CF3FEF0062A853 /* SceneDelegate.swift */,
				DFC9CD4B27CF3FEF0062A853 /* Main.storyboard */,
				DFC9CD4E27CF3FF00062A853 /* Assets.xcassets */,
				DFC9CD5027CF3FF00062A853 /* LaunchScreen.storyboard */,
				DFC9CD5327CF3FF00062A853 /* Info.plist */,
			);
			path = "Window-Shopper";
			sourceTree = "<group>";
		};
		DFC9CD5B27CF3FF00062A853 /* Window-ShopperTests */ = {
			isa = PBXGroup;
			children = (
				DFC9CD5C27CF3FF00062A853 /* Window_ShopperTests.swift */,
			);
			path = "Window-ShopperTests";
			sourceTree = "<group>";
		};
		DFC9CD6527CF3FF00062A853 /* Window-ShopperUITests */ = {
			isa = PBXGroup;
			children = (
				DFC9CD6627CF3FF00062A853 /* Window_ShopperUITests.swift */,
				DFC9CD6827CF3FF00062A853 /* Window_ShopperUITestsLaunchTests.swift */,
			);
			path = "Window-ShopperUITests";
			sourceTree = "<group>";
		};
		DFC9CD7527CF41DC0062A853 /* Controllers */ = {
			isa = PBXGroup;
			children = (
				DFC9CD4927CF3FEF0062A853 /* MainVC.swift */,
			);
			path = Controllers;
			sourceTree = "<group>";
		};
		DFC9CD7627CF41E50062A853 /* Views */ = {
			isa = PBXGroup;
			children = (
				DFC9CD7927CF44CF0062A853 /* CurrencyTextField.swift */,
			);
			path = Views;
			sourceTree = "<group>";
		};
		DFC9CD7B27CF534F0062A853 /* Model */ = {
			isa = PBXGroup;
			children = (
				DFC9CD7C27CF53610062A853 /* Wage.swift */,
			);
			path = Model;
			sourceTree = "<group>";
		};
/* End PBXGroup section */

/* Begin PBXNativeTarget section */
		DFC9CD4127CF3FEF0062A853 /* Window-Shopper */ = {
			isa = PBXNativeTarget;
			buildConfigurationList = DFC9CD6C27CF3FF00062A853 /* Build configuration list for PBXNativeTarget "Window-Shopper" */;
			buildPhases = (
				DFC9CD3E27CF3FEF0062A853 /* Sources */,
				DFC9CD3F27CF3FEF0062A853 /* Frameworks */,
				DFC9CD4027CF3FEF0062A853 /* Resources */,
			);
			buildRules = (
			);
			dependencies = (
			);
			name = "Window-Shopper";
			productName = "Window-Shopper";
			productReference = DFC9CD4227CF3FEF0062A853 /* Window-Shopper.app */;
			productType = "com.apple.product-type.application";
		};
		DFC9CD5727CF3FF00062A853 /* Window-ShopperTests */ = {
			isa = PBXNativeTarget;
			buildConfigurationList = DFC9CD6F27CF3FF00062A853 /* Build configuration list for PBXNativeTarget "Window-ShopperTests" */;
			buildPhases = (
				DFC9CD5427CF3FF00062A853 /* Sources */,
				DFC9CD5527CF3FF00062A853 /* Frameworks */,
				DFC9CD5627CF3FF00062A853 /* Resources */,
			);
			buildRules = (
			);
			dependencies = (
				DFC9CD5A27CF3FF00062A853 /* PBXTargetDependency */,
			);
			name = "Window-ShopperTests";
			productName = "Window-ShopperTests";
			productReference = DFC9CD5827CF3FF00062A853 /* Window-ShopperTests.xctest */;
			productType = "com.apple.product-type.bundle.unit-test";
		};
		DFC9CD6127CF3FF00062A853 /* Window-ShopperUITests */ = {
			isa = PBXNativeTarget;
			buildConfigurationList = DFC9CD7227CF3FF00062A853 /* Build configuration list for PBXNativeTarget "Window-ShopperUITests" */;
			buildPhases = (
				DFC9CD5E27CF3FF00062A853 /* Sources */,
				DFC9CD5F27CF3FF00062A853 /* Frameworks */,
				DFC9CD6027CF3FF00062A853 /* Resources */,
			);
			buildRules = (
			);
			dependencies = (
				DFC9CD6427CF3FF00062A853 /* PBXTargetDependency */,
			);
			name = "Window-ShopperUITests";
			productName = "Window-ShopperUITests";
			productReference = DFC9CD6227CF3FF00062A853 /* Window-ShopperUITests.xctest */;
			productType = "com.apple.product-type.bundle.ui-testing";
		};
/* End PBXNativeTarget section */

/* Begin PBXProject section */
		DFC9CD3A27CF3FEF0062A853 /* Project object */ = {
			isa = PBXProject;
			attributes = {
				BuildIndependentTargetsInParallel = 1;
				LastSwiftUpdateCheck = 1320;
				LastUpgradeCheck = 1320;
				TargetAttributes = {
					DFC9CD4127CF3FEF0062A853 = {
						CreatedOnToolsVersion = 13.2.1;
					};
					DFC9CD5727CF3FF00062A853 = {
						CreatedOnToolsVersion = 13.2.1;
						TestTargetID = DFC9CD4127CF3FEF0062A853;
					};
					DFC9CD6127CF3FF00062A853 = {
						CreatedOnToolsVersion = 13.2.1;
						TestTargetID = DFC9CD4127CF3FEF0062A853;
					};
				};
			};
			buildConfigurationList = DFC9CD3D27CF3FEF0062A853 /* Build configuration list for PBXProject "Window-Shopper" */;
			compatibilityVersion = "Xcode 13.0";
			developmentRegion = en;
			hasScannedForEncodings = 0;
			knownRegions = (
				en,
				Base,
			);
			mainGroup = DFC9CD3927CF3FEF0062A853;
			productRefGroup = DFC9CD4327CF3FEF0062A853 /* Products */;
			projectDirPath = "";
			projectRoot = "";
			targets = (
				DFC9CD4127CF3FEF0062A853 /* Window-Shopper */,
				DFC9CD5727CF3FF00062A853 /* Window-ShopperTests */,
				DFC9CD6127CF3FF00062A853 /* Window-ShopperUITests */,
			);
		};
/* End PBXProject section */

/* Begin PBXResourcesBuildPhase section */
		DFC9CD4027CF3FEF0062A853 /* Resources */ = {
			isa = PBXResourcesBuildPhase;
			buildActionMask = 2147483647;
			files = (
				DFC9CD5227CF3FF00062A853 /* LaunchScreen.storyboard in Resources */,
				DFC9CD4F27CF3FF00062A853 /* Assets.xcassets in Resources */,
				DFC9CD4D27CF3FEF0062A853 /* Main.storyboard in Resources */,
			);
			runOnlyForDeploymentPostprocessing = 0;
		};
		DFC9CD5627CF3FF00062A853 /* Resources */ = {
			isa = PBXResourcesBuildPhase;
			buildActionMask = 2147483647;
			files = (
			);
			runOnlyForDeploymentPostprocessing = 0;
		};
		DFC9CD6027CF3FF00062A853 /* Resources */ = {
			isa = PBXResourcesBuildPhase;
			buildActionMask = 2147483647;
			files = (
			);
			runOnlyForDeploymentPostprocessing = 0;
		};
/* End PBXResourcesBuildPhase section */

/* Begin PBXSourcesBuildPhase section */
		DFC9CD3E27CF3FEF0062A853 /* Sources */ = {
			isa = PBXSourcesBuildPhase;
			buildActionMask = 2147483647;
			files = (
				DFC9CD4A27CF3FEF0062A853 /* MainVC.swift in Sources */,
				DFC9CD4627CF3FEF0062A853 /* AppDelegate.swift in Sources */,
				DFC9CD7D27CF53610062A853 /* Wage.swift in Sources */,
				DFC9CD7A27CF44CF0062A853 /* CurrencyTextField.swift in Sources */,
				DFC9CD4827CF3FEF0062A853 /* SceneDelegate.swift in Sources */,
			);
			runOnlyForDeploymentPostprocessing = 0;
		};
		DFC9CD5427CF3FF00062A853 /* Sources */ = {
			isa = PBXSourcesBuildPhase;
			buildActionMask = 2147483647;
			files = (
				DFC9CD5D27CF3FF00062A853 /* Window_ShopperTests.swift in Sources */,
				DFC9CD7E27CF544C0062A853 /* Wage.swift in Sources */,
			);
			runOnlyForDeploymentPostprocessing = 0;
		};
		DFC9CD5E27CF3FF00062A853 /* Sources */ = {
			isa = PBXSourcesBuildPhase;
			buildActionMask = 2147483647;
			files = (
				DFC9CD6927CF3FF00062A853 /* Window_ShopperUITestsLaunchTests.swift in Sources */,
				DFC9CD6727CF3FF00062A853 /* Window_ShopperUITests.swift in Sources */,
			);
			runOnlyForDeploymentPostprocessing = 0;
		};
/* End PBXSourcesBuildPhase section */

/* Begin PBXTargetDependency section */
		DFC9CD5A27CF3FF00062A853 /* PBXTargetDependency */ = {
			isa = PBXTargetDependency;
			target = DFC9CD4127CF3FEF0062A853 /* Window-Shopper */;
			targetProxy = DFC9CD5927CF3FF00062A853 /* PBXContainerItemProxy */;
		};
		DFC9CD6427CF3FF00062A853 /* PBXTargetDependency */ = {
			isa = PBXTargetDependency;
			target = DFC9CD4127CF3FEF0062A853 /* Window-Shopper */;
			targetProxy = DFC9CD6327CF3FF00062A853 /* PBXContainerItemProxy */;
		};
/* End PBXTargetDependency section */

/* Begin PBXVariantGroup section */
		DFC9CD4B27CF3FEF0062A853 /* Main.storyboard */ = {
			isa = PBXVariantGroup;
			children = (
				DFC9CD4C27CF3FEF0062A853 /* Base */,
			);
			name = Main.storyboard;
			sourceTree = "<group>";
		};
		DFC9CD5027CF3FF00062A853 /* LaunchScreen.storyboard */ = {
			isa = PBXVariantGroup;
			children = (
				DFC9CD5127CF3FF00062A853 /* Base */,
			);
			name = LaunchScreen.storyboard;
			sourceTree = "<group>";
		};
/* End PBXVariantGroup section */

/* Begin XCBuildConfiguration section */
		DFC9CD6A27CF3FF00062A853 /* Debug */ = {
			isa = XCBuildConfiguration;
			buildSettings = {
				ALWAYS_SEARCH_USER_PATHS = NO;
				CLANG_ANALYZER_NONNULL = YES;
				CLANG_ANALYZER_NUMBER_OBJECT_CONVERSION = YES_AGGRESSIVE;
				CLANG_CXX_LANGUAGE_STANDARD = "gnu++17";
				CLANG_CXX_LIBRARY = "libc++";
				CLANG_ENABLE_MODULES = YES;
				CLANG_ENABLE_OBJC_ARC = YES;
				CLANG_ENABLE_OBJC_WEAK = YES;
				CLANG_WARN_BLOCK_CAPTURE_AUTORELEASING = YES;
				CLANG_WARN_BOOL_CONVERSION = YES;
				CLANG_WARN_COMMA = YES;
				CLANG_WARN_CONSTANT_CONVERSION = YES;
				CLANG_WARN_DEPRECATED_OBJC_IMPLEMENTATIONS = YES;
				CLANG_WARN_DIRECT_OBJC_ISA_USAGE = YES_ERROR;
				CLANG_WARN_DOCUMENTATION_COMMENTS = YES;
				CLANG_WARN_EMPTY_BODY = YES;
				CLANG_WARN_ENUM_CONVERSION = YES;
				CLANG_WARN_INFINITE_RECURSION = YES;
				CLANG_WARN_INT_CONVERSION = YES;
				CLANG_WARN_NON_LITERAL_NULL_CONVERSION = YES;
				CLANG_WARN_OBJC_IMPLICIT_RETAIN_SELF = YES;
				CLANG_WARN_OBJC_LITERAL_CONVERSION = YES;
				CLANG_WARN_OBJC_ROOT_CLASS = YES_ERROR;
				CLANG_WARN_QUOTED_INCLUDE_IN_FRAMEWORK_HEADER = YES;
				CLANG_WARN_RANGE_LOOP_ANALYSIS = YES;
				CLANG_WARN_STRICT_PROTOTYPES = YES;
				CLANG_WARN_SUSPICIOUS_MOVE = YES;
				CLANG_WARN_UNGUARDED_AVAILABILITY = YES_AGGRESSIVE;
				CLANG_WARN_UNREACHABLE_CODE = YES;
				CLANG_WARN__DUPLICATE_METHOD_MATCH = YES;
				COPY_PHASE_STRIP = NO;
				DEBUG_INFORMATION_FORMAT = dwarf;
				ENABLE_STRICT_OBJC_MSGSEND = YES;
				ENABLE_TESTABILITY = YES;
				GCC_C_LANGUAGE_STANDARD = gnu11;
				GCC_DYNAMIC_NO_PIC = NO;
				GCC_NO_COMMON_BLOCKS = YES;
				GCC_OPTIMIZATION_LEVEL = 0;
				GCC_PREPROCESSOR_DEFINITIONS = (
					"DEBUG=1",
					"$(inherited)",
				);
				GCC_WARN_64_TO_32_BIT_CONVERSION = YES;
				GCC_WARN_ABOUT_RETURN_TYPE = YES_ERROR;
				GCC_WARN_UNDECLARED_SELECTOR = YES;
				GCC_WARN_UNINITIALIZED_AUTOS = YES_AGGRESSIVE;
				GCC_WARN_UNUSED_FUNCTION = YES;
				GCC_WARN_UNUSED_VARIABLE = YES;
				IPHONEOS_DEPLOYMENT_TARGET = 15.2;
				MTL_ENABLE_DEBUG_INFO = INCLUDE_SOURCE;
				MTL_FAST_MATH = YES;
				ONLY_ACTIVE_ARCH = YES;
				SDKROOT = iphoneos;
				SWIFT_ACTIVE_COMPILATION_CONDITIONS = DEBUG;
				SWIFT_OPTIMIZATION_LEVEL = "-Onone";
			};
			name = Debug;
		};
		DFC9CD6B27CF3FF00062A853 /* Release */ = {
			isa = XCBuildConfiguration;
			buildSettings = {
				ALWAYS_SEARCH_USER_PATHS = NO;
				CLANG_ANALYZER_NONNULL = YES;
				CLANG_ANALYZER_NUMBER_OBJECT_CONVERSION = YES_AGGRESSIVE;
				CLANG_CXX_LANGUAGE_STANDARD = "gnu++17";
				CLANG_CXX_LIBRARY = "libc++";
				CLANG_ENABLE_MODULES = YES;
				CLANG_ENABLE_OBJC_ARC = YES;
				CLANG_ENABLE_OBJC_WEAK = YES;
				CLANG_WARN_BLOCK_CAPTURE_AUTORELEASING = YES;
				CLANG_WARN_BOOL_CONVERSION = YES;
				CLANG_WARN_COMMA = YES;
				CLANG_WARN_CONSTANT_CONVERSION = YES;
				CLANG_WARN_DEPRECATED_OBJC_IMPLEMENTATIONS = YES;
				CLANG_WARN_DIRECT_OBJC_ISA_USAGE = YES_ERROR;
				CLANG_WARN_DOCUMENTATION_COMMENTS = YES;
				CLANG_WARN_EMPTY_BODY = YES;
				CLANG_WARN_ENUM_CONVERSION = YES;
				CLANG_WARN_INFINITE_RECURSION = YES;
				CLANG_WARN_INT_CONVERSION = YES;
				CLANG_WARN_NON_LITERAL_NULL_CONVERSION = YES;
				CLANG_WARN_OBJC_IMPLICIT_RETAIN_SELF = YES;
				CLANG_WARN_OBJC_LITERAL_CONVERSION = YES;
				CLANG_WARN_OBJC_ROOT_CLASS = YES_ERROR;
				CLANG_WARN_QUOTED_INCLUDE_IN_FRAMEWORK_HEADER = YES;
				CLANG_WARN_RANGE_LOOP_ANALYSIS = YES;
				CLANG_WARN_STRICT_PROTOTYPES = YES;
				CLANG_WARN_SUSPICIOUS_MOVE = YES;
				CLANG_WARN_UNGUARDED_AVAILABILITY = YES_AGGRESSIVE;
				CLANG_WARN_UNREACHABLE_CODE = YES;
				CLANG_WARN__DUPLICATE_METHOD_MATCH = YES;
				COPY_PHASE_STRIP = NO;
				DEBUG_INFORMATION_FORMAT = "dwarf-with-dsym";
				ENABLE_NS_ASSERTIONS = NO;
				ENABLE_STRICT_OBJC_MSGSEND = YES;
				GCC_C_LANGUAGE_STANDARD = gnu11;
				GCC_NO_COMMON_BLOCKS = YES;
				GCC_WARN_64_TO_32_BIT_CONVERSION = YES;
				GCC_WARN_ABOUT_RETURN_TYPE = YES_ERROR;
				GCC_WARN_UNDECLARED_SELECTOR = YES;
				GCC_WARN_UNINITIALIZED_AUTOS = YES_AGGRESSIVE;
				GCC_WARN_UNUSED_FUNCTION = YES;
				GCC_WARN_UNUSED_VARIABLE = YES;
				IPHONEOS_DEPLOYMENT_TARGET = 15.2;
				MTL_ENABLE_DEBUG_INFO = NO;
				MTL_FAST_MATH = YES;
				SDKROOT = iphoneos;
				SWIFT_COMPILATION_MODE = wholemodule;
				SWIFT_OPTIMIZATION_LEVEL = "-O";
				VALIDATE_PRODUCT = YES;
			};
			name = Release;
		};
		DFC9CD6D27CF3FF00062A853 /* Debug */ = {
			isa = XCBuildConfiguration;
			buildSettings = {
				ASSETCATALOG_COMPILER_APPICON_NAME = AppIcon;
				ASSETCATALOG_COMPILER_GLOBAL_ACCENT_COLOR_NAME = AccentColor;
				CODE_SIGN_STYLE = Automatic;
				CURRENT_PROJECT_VERSION = 1;
				DEVELOPMENT_TEAM = NAFAZ5R85Z;
				GENERATE_INFOPLIST_FILE = YES;
				INFOPLIST_FILE = "Window-Shopper/Info.plist";
				INFOPLIST_KEY_UIApplicationSupportsIndirectInputEvents = YES;
				INFOPLIST_KEY_UILaunchStoryboardName = LaunchScreen;
				INFOPLIST_KEY_UIMainStoryboardFile = Main;
				INFOPLIST_KEY_UISupportedInterfaceOrientations_iPad = "UIInterfaceOrientationPortrait UIInterfaceOrientationPortraitUpsideDown UIInterfaceOrientationLandscapeLeft UIInterfaceOrientationLandscapeRight";
				INFOPLIST_KEY_UISupportedInterfaceOrientations_iPhone = "UIInterfaceOrientationPortrait UIInterfaceOrientationLandscapeLeft UIInterfaceOrientationLandscapeRight";
				LD_RUNPATH_SEARCH_PATHS = (
					"$(inherited)",
					"@executable_path/Frameworks",
				);
				MARKETING_VERSION = 1.0;
				PRODUCT_BUNDLE_IDENTIFIER = "My-Personal-Org.Window-Shopper";
				PRODUCT_NAME = "$(TARGET_NAME)";
				SWIFT_EMIT_LOC_STRINGS = YES;
				SWIFT_VERSION = 5.0;
				TARGETED_DEVICE_FAMILY = "1,2";
			};
			name = Debug;
		};
		DFC9CD6E27CF3FF00062A853 /* Release */ = {
			isa = XCBuildConfiguration;
			buildSettings = {
				ASSETCATALOG_COMPILER_APPICON_NAME = AppIcon;
				ASSETCATALOG_COMPILER_GLOBAL_ACCENT_COLOR_NAME = AccentColor;
				CODE_SIGN_STYLE = Automatic;
				CURRENT_PROJECT_VERSION = 1;
				DEVELOPMENT_TEAM = NAFAZ5R85Z;
				GENERATE_INFOPLIST_FILE = YES;
				INFOPLIST_FILE = "Window-Shopper/Info.plist";
				INFOPLIST_KEY_UIApplicationSupportsIndirectInputEvents = YES;
				INFOPLIST_KEY_UILaunchStoryboardName = LaunchScreen;
				INFOPLIST_KEY_UIMainStoryboardFile = Main;
				INFOPLIST_KEY_UISupportedInterfaceOrientations_iPad = "UIInterfaceOrientationPortrait UIInterfaceOrientationPortraitUpsideDown UIInterfaceOrientationLandscapeLeft UIInterfaceOrientationLandscapeRight";
				INFOPLIST_KEY_UISupportedInterfaceOrientations_iPhone = "UIInterfaceOrientationPortrait UIInterfaceOrientationLandscapeLeft UIInterfaceOrientationLandscapeRight";
				LD_RUNPATH_SEARCH_PATHS = (
					"$(inherited)",
					"@executable_path/Frameworks",
				);
				MARKETING_VERSION = 1.0;
				PRODUCT_BUNDLE_IDENTIFIER = "My-Personal-Org.Window-Shopper";
				PRODUCT_NAME = "$(TARGET_NAME)";
				SWIFT_EMIT_LOC_STRINGS = YES;
				SWIFT_VERSION = 5.0;
				TARGETED_DEVICE_FAMILY = "1,2";
			};
			name = Release;
		};
		DFC9CD7027CF3FF00062A853 /* Debug */ = {
			isa = XCBuildConfiguration;
			buildSettings = {
				ALWAYS_EMBED_SWIFT_STANDARD_LIBRARIES = YES;
				BUNDLE_LOADER = "$(TEST_HOST)";
				CODE_SIGN_STYLE = Automatic;
				CURRENT_PROJECT_VERSION = 1;
				DEVELOPMENT_TEAM = NAFAZ5R85Z;
				GENERATE_INFOPLIST_FILE = YES;
				IPHONEOS_DEPLOYMENT_TARGET = 15.2;
				MARKETING_VERSION = 1.0;
				PRODUCT_BUNDLE_IDENTIFIER = "My-Personal-Org.Window-ShopperTests";
				PRODUCT_NAME = "$(TARGET_NAME)";
				SWIFT_EMIT_LOC_STRINGS = NO;
				SWIFT_VERSION = 5.0;
				TARGETED_DEVICE_FAMILY = "1,2";
				TEST_HOST = "$(BUILT_PRODUCTS_DIR)/Window-Shopper.app/Window-Shopper";
			};
			name = Debug;
		};
		DFC9CD7127CF3FF00062A853 /* Release */ = {
			isa = XCBuildConfiguration;
			buildSettings = {
				ALWAYS_EMBED_SWIFT_STANDARD_LIBRARIES = YES;
				BUNDLE_LOADER = "$(TEST_HOST)";
				CODE_SIGN_STYLE = Automatic;
				CURRENT_PROJECT_VERSION = 1;
				DEVELOPMENT_TEAM = NAFAZ5R85Z;
				GENERATE_INFOPLIST_FILE = YES;
				IPHONEOS_DEPLOYMENT_TARGET = 15.2;
				MARKETING_VERSION = 1.0;
				PRODUCT_BUNDLE_IDENTIFIER = "My-Personal-Org.Window-ShopperTests";
				PRODUCT_NAME = "$(TARGET_NAME)";
				SWIFT_EMIT_LOC_STRINGS = NO;
				SWIFT_VERSION = 5.0;
				TARGETED_DEVICE_FAMILY = "1,2";
				TEST_HOST = "$(BUILT_PRODUCTS_DIR)/Window-Shopper.app/Window-Shopper";
			};
			name = Release;
		};
		DFC9CD7327CF3FF00062A853 /* Debug */ = {
			isa = XCBuildConfiguration;
			buildSettings = {
				ALWAYS_EMBED_SWIFT_STANDARD_LIBRARIES = YES;
				CODE_SIGN_STYLE = Automatic;
				CURRENT_PROJECT_VERSION = 1;
				DEVELOPMENT_TEAM = NAFAZ5R85Z;
				GENERATE_INFOPLIST_FILE = YES;
				MARKETING_VERSION = 1.0;
				PRODUCT_BUNDLE_IDENTIFIER = "My-Personal-Org.Window-ShopperUITests";
				PRODUCT_NAME = "$(TARGET_NAME)";
				SWIFT_EMIT_LOC_STRINGS = NO;
				SWIFT_VERSION = 5.0;
				TARGETED_DEVICE_FAMILY = "1,2";
				TEST_TARGET_NAME = "Window-Shopper";
			};
			name = Debug;
		};
		DFC9CD7427CF3FF00062A853 /* Release */ = {
			isa = XCBuildConfiguration;
			buildSettings = {
				ALWAYS_EMBED_SWIFT_STANDARD_LIBRARIES = YES;
				CODE_SIGN_STYLE = Automatic;
				CURRENT_PROJECT_VERSION = 1;
				DEVELOPMENT_TEAM = NAFAZ5R85Z;
				GENERATE_INFOPLIST_FILE = YES;
				MARKETING_VERSION = 1.0;
				PRODUCT_BUNDLE_IDENTIFIER = "My-Personal-Org.Window-ShopperUITests";
				PRODUCT_NAME = "$(TARGET_NAME)";
				SWIFT_EMIT_LOC_STRINGS = NO;
				SWIFT_VERSION = 5.0;
				TARGETED_DEVICE_FAMILY = "1,2";
				TEST_TARGET_NAME = "Window-Shopper";
			};
			name = Release;
		};
/* End XCBuildConfiguration section */

/* Begin XCConfigurationList section */
		DFC9CD3D27CF3FEF0062A853 /* Build configuration list for PBXProject "Window-Shopper" */ = {
			isa = XCConfigurationList;
			buildConfigurations = (
				DFC9CD6A27CF3FF00062A853 /* Debug */,
				DFC9CD6B27CF3FF00062A853 /* Release */,
			);
			defaultConfigurationIsVisible = 0;
			defaultConfigurationName = Release;
		};
		DFC9CD6C27CF3FF00062A853 /* Build configuration list for PBXNativeTarget "Window-Shopper" */ = {
			isa = XCConfigurationList;
			buildConfigurations = (
				DFC9CD6D27CF3FF00062A853 /* Debug */,
				DFC9CD6E27CF3FF00062A853 /* Release */,
			);
			defaultConfigurationIsVisible = 0;
			defaultConfigurationName = Release;
		};
		DFC9CD6F27CF3FF00062A853 /* Build configuration list for PBXNativeTarget "Window-ShopperTests" */ = {
			isa = XCConfigurationList;
			buildConfigurations = (
				DFC9CD7027CF3FF00062A853 /* Debug */,
				DFC9CD7127CF3FF00062A853 /* Release */,
			);
			defaultConfigurationIsVisible = 0;
			defaultConfigurationName = Release;
		};
		DFC9CD7227CF3FF00062A853 /* Build configuration list for PBXNativeTarget "Window-ShopperUITests" */ = {
			isa = XCConfigurationList;
			buildConfigurations = (
				DFC9CD7327CF3FF00062A853 /* Debug */,
				DFC9CD7427CF3FF00062A853 /* Release */,
			);
			defaultConfigurationIsVisible = 0;
			defaultConfigurationName = Release;
		};
/* End XCConfigurationList section */
	};
	rootObject = DFC9CD3A27CF3FEF0062A853 /* Project object */;
}
